
Microsoft Visual Studio Solution File, Format Version 12.00
# Visual Studio Version 16
VisualStudioVersion = 16.0.30330.147
MinimumVisualStudioVersion = 10.0.40219.1
Project("{FAE04EC0-301F-11D3-BF4B-00C04F79EFBC}") = "HelloWorldEB", "HelloWorldEB\HelloWorldEB.csproj", "{84080099-E69E-43B9-92F5-6871506F60A5}"
EndProject
Global
	GlobalSection(SolutionConfigurationPlatforms) = preSolution
		Debug|Any CPU = Debug|Any CPU
		Release|Any CPU = Release|Any CPU
	EndGlobalSection
	GlobalSection(ProjectConfigurationPlatforms) = postSolution
		{84080099-E69E-43B9-92F5-6871506F60A5}.Debug|Any CPU.ActiveCfg = Debug|Any CPU
		{84080099-E69E-43B9-92F5-6871506F60A5}.Debug|Any CPU.Build.0 = Debug|Any CPU
		{84080099-E69E-43B9-92F5-6871506F60A5}.Release|Any CPU.ActiveCfg = Release|Any CPU
		{84080099-E69E-43B9-92F5-6871506F60A5}.Release|Any CPU.Build.0 = Release|Any CPU
	EndGlobalSection
	GlobalSection(SolutionProperties) = preSolution
		HideSolutionNode = FALSE
	EndGlobalSection
	GlobalSection(ExtensibilityGlobals) = postSolution
		SolutionGuid = {2EFDD12B-A608-4F42-8A9B-BFC2E3A2CB84}
	EndGlobalSection
EndGlobal
